<?xml version="1.0" encoding="utf-8"?>
<Project ToolsVersion="4.0" xmlns="http://schemas.microsoft.com/developer/msbuild/2003">
  <ItemGroup>
    <Filter Include="File di origine">
      <UniqueIdentifier>{4FC737F1-C7A5-4376-A066-2A32D752A2FF}</UniqueIdentifier>
      <Extensions>cpp;c;cc;cxx;def;odl;idl;hpj;bat;asm;asmx</Extensions>
    </Filter>
    <Filter Include="File di intestazione">
      <UniqueIdentifier>{93995380-89BD-4b04-88EB-625FBE52EBFB}</UniqueIdentifier>
      <Extensions>h;hh;hpp;hxx;hm;inl;inc;ipp;xsd</Extensions>
    </Filter>
    <Filter Include="File di risorse">
      <UniqueIdentifier>{67DA6AB6-F800-4c08-8B7A-83BB121AAD01}</UniqueIdentifier>
      <Extensions>rc;ico;cur;bmp;dlg;rc2;rct;bin;rgs;gif;jpg;jpeg;jpe;resx;tiff;tif;png;wav;mfcribbon-ms</Extensions>
    </Filter>
  </ItemGroup>
  <ItemGroup>
    <ClCompile Include="main.cpp">
      <Filter>File di origine</Filter>
    </ClCompile>
    <ClCompile Include="ViewerApp.cpp">
      <Filter>File di origine</Filter>
    </ClCompile>
    <ClCompile Include="Utils.cpp">
      <Filter>File di origine</Filter>
    </ClCompile>
    <ClCompile Include="glad.c">
      <Filter>File di origine</Filter>
    </ClCompile>
    <ClCompile Include="Shader.cpp">
      <Filter>File di origine</Filter>
    </ClCompile>
    <ClCompile Include="Camera.cpp">
      <Filter>File di origine</Filter>
    </ClCompile>
    <ClCompile Include="Mesh3D.cpp">
      <Filter>File di origine</Filter>
    </ClCompile>
    <ClCompile Include="include\PhysicEngine\DataTypes.cpp">
      <Filter>File di origine</Filter>
    </ClCompile>
    <ClCompile Include="include\PhysicEngine\Functions.cpp">
      <Filter>File di origine</Filter>
    </ClCompile>
    <ClCompile Include="include\PhysicEngine\Engine.cpp">
      <Filter>File di origine</Filter>
    </ClCompile>
    <ClCompile Include="include\PhysicEngine\RigidBody.cpp">
      <Filter>File di origine</Filter>
    </ClCompile>
    <ClCompile Include="include\PhysicEngine\force.cpp">
      <Filter>File di origine</Filter>
    </ClCompile>
    <ClCompile Include="include\PhysicEngine\collision.cpp">
      <Filter>File di origine</Filter>
    </ClCompile>
    <ClCompile Include="include\PhysicEngine\LPCSolver.cpp">
      <Filter>File di origine</Filter>
    </ClCompile>
  </ItemGroup>
  <ItemGroup>
    <ClInclude Include="ViewerApp.h">
      <Filter>File di intestazione</Filter>
    </ClInclude>
    <ClInclude Include="resource.h">
      <Filter>File di intestazione</Filter>
    </ClInclude>
    <ClInclude Include="Utils.h">
      <Filter>File di intestazione</Filter>
    </ClInclude>
    <ClInclude Include="Shader.h">
      <Filter>File di intestazione</Filter>
    </ClInclude>
    <ClInclude Include="include\tini_obj_loader.h">
      <Filter>File di intestazione</Filter>
    </ClInclude>
    <ClInclude Include="Camera.h">
      <Filter>File di intestazione</Filter>
    </ClInclude>
    <ClInclude Include="Vertex3D.h">
      <Filter>File di intestazione</Filter>
    </ClInclude>
    <ClInclude Include="Mesh3D.h">
      <Filter>File di intestazione</Filter>
    </ClInclude>
    <ClInclude Include="include\PhysicEngine\DataTypes.h">
      <Filter>File di intestazione</Filter>
    </ClInclude>
    <ClInclude Include="include\PhysicEngine\Functions.h">
      <Filter>File di intestazione</Filter>
    </ClInclude>
    <ClInclude Include="include\PhysicEngine\Engine.h">
      <Filter>File di intestazione</Filter>
    </ClInclude>
    <ClInclude Include="include\PhysicEngine\RigidBody.h">
      <Filter>File di intestazione</Filter>
    </ClInclude>
    <ClInclude Include="include\PhysicEngine\force.h">
      <Filter>File di intestazione</Filter>
    </ClInclude>
    <ClInclude Include="include\PhysicEngine\collision.h">
      <Filter>File di intestazione</Filter>
    </ClInclude>
    <ClInclude Include="include\PhysicEngine\LPCSolver.h">
      <Filter>File di intestazione</Filter>
    </ClInclude>
  </ItemGroup>
  <ItemGroup>
    <None Include="packages.config" />
    <None Include="config.ini">
      <Filter>File di risorse</Filter>
    </None>
    <None Include="shaders\shader.vs" />
  </ItemGroup>
  <ItemGroup>
    <ResourceCompile Include="Viewer.rc">
      <Filter>File di risorse</Filter>
    </ResourceCompile>
  </ItemGroup>
</Project>